
Microsoft Visual Studio Solution File, Format Version 12.00
# Visual Studio Version 17
VisualStudioVersion = 17.11.35431.28
MinimumVisualStudioVersion = 10.0.40219.1
Project("{FAE04EC0-301F-11D3-BF4B-00C04F79EFBC}") = "StrategyDesignPattern", "StrategyDesignPattern.csproj", "{99754E9F-2129-4B9B-93D6-D378DB090BAC}"
EndProject
Global
	GlobalSection(SolutionConfigurationPlatforms) = preSolution
		Debug|Any CPU = Debug|Any CPU
		Release|Any CPU = Release|Any CPU
	EndGlobalSection
	GlobalSection(ProjectConfigurationPlatforms) = postSolution
		{99754E9F-2129-4B9B-93D6-D378DB090BAC}.Debug|Any CPU.ActiveCfg = Debug|Any CPU
		{99754E9F-2129-4B9B-93D6-D378DB090BAC}.Debug|Any CPU.Build.0 = Debug|Any CPU
		{99754E9F-2129-4B9B-93D6-D378DB090BAC}.Release|Any CPU.ActiveCfg = Release|Any CPU
		{99754E9F-2129-4B9B-93D6-D378DB090BAC}.Release|Any CPU.Build.0 = Release|Any CPU
	EndGlobalSection
	GlobalSection(SolutionProperties) = preSolution
		HideSolutionNode = FALSE
	EndGlobalSection
	GlobalSection(ExtensibilityGlobals) = postSolution
		SolutionGuid = {57F05B01-D6BB-4F52-A7E7-EA54139EE901}
	EndGlobalSection
EndGlobal
